
Microsoft Visual Studio Solution File, Format Version 12.00
Project("{2150E333-8FDC-42A3-9474-1A3956D46DE8}") = "01. Hosting", "01. Hosting", "{51726BBE-0C0E-424A-A5B8-AD80C0A866A8}"
EndProject
Project("{2150E333-8FDC-42A3-9474-1A3956D46DE8}") = "02. Infrastructure", "02. Infrastructure", "{D1C94451-028E-429C-93BC-D507936F5F83}"
EndProject
Project("{2150E333-8FDC-42A3-9474-1A3956D46DE8}") = "03. Services", "03. Services", "{8735432A-D082-4E3E-BD63-7A4C05B7F440}"
EndProject
Project("{2150E333-8FDC-42A3-9474-1A3956D46DE8}") = "04. Application", "04. Application", "{3FB6369E-F61F-4217-947C-E667C6359CD8}"
EndProject
Project("{2150E333-8FDC-42A3-9474-1A3956D46DE8}") = "99. Shared", "99. Shared", "{57544914-51C3-4567-9A99-3AFA215D3318}"
EndProject
Project("{FAE04EC0-301F-11D3-BF4B-00C04F79EFBC}") = "OData.Core", "OData.Core\OData.Core.csproj", "{34C7D50C-D3E1-411C-A323-190808662E4D}"
EndProject
Project("{FAE04EC0-301F-11D3-BF4B-00C04F79EFBC}") = "OData.Shared.Domain", "OData.Shared.Domain\OData.Shared.Domain.csproj", "{CB2BC292-48D4-472E-97F3-0016F21CD990}"
EndProject
Project("{FAE04EC0-301F-11D3-BF4B-00C04F79EFBC}") = "OData.Infrastructure", "OData.Infrastructure\OData.Infrastructure.csproj", "{14659C59-F747-4CA4-9800-7448C742DCE2}"
EndProject
Project("{FAE04EC0-301F-11D3-BF4B-00C04F79EFBC}") = "OData.Infrastructure.Http", "OData.Infrastructure.Http\OData.Infrastructure.Http.csproj", "{EB719C53-FEB2-49E5-BA13-D0A3DEE22A28}"
EndProject
Project("{FAE04EC0-301F-11D3-BF4B-00C04F79EFBC}") = "OData.Infrastructure.Sql", "OData.Infrastructure.Sql\OData.Infrastructure.Sql.csproj", "{C7CCBA0B-0D87-4084-9074-AA0AD4C03BFB}"
EndProject
Project("{FAE04EC0-301F-11D3-BF4B-00C04F79EFBC}") = "OData.Services.Repositories", "OData.Services.Repositories\OData.Services.Repositories.csproj", "{03658D35-CA46-4100-8337-028FCC77D4A5}"
EndProject
Project("{FAE04EC0-301F-11D3-BF4B-00C04F79EFBC}") = "OData.Services", "OData.Services\OData.Services.csproj", "{8D094B54-497D-47BB-9079-ED671CE98319}"
EndProject
Project("{FAE04EC0-301F-11D3-BF4B-00C04F79EFBC}") = "OData.Application", "OData.Application\OData.Application.csproj", "{6E0E2444-4C12-47A0-A867-B2080171EDD2}"
EndProject
Project("{FAE04EC0-301F-11D3-BF4B-00C04F79EFBC}") = "OData.Application.Test", "OData.Application.Test\OData.Application.Test.csproj", "{DFFA6916-917A-45BC-8BFE-28541D85B3FE}"
EndProject
Project("{FAE04EC0-301F-11D3-BF4B-00C04F79EFBC}") = "OData.Core.Test", "OData.Core.Test\OData.Core.Test.csproj", "{8A5EBDAB-B7CE-4919-B9E0-67A1D22F870F}"
EndProject
Project("{2150E333-8FDC-42A3-9474-1A3956D46DE8}") = "Solution Items", "Solution Items", "{DBC0183F-4D26-403A-80F9-97C019D7DA47}"
	ProjectSection(SolutionItems) = preProject
		compose.yaml = compose.yaml
	EndProjectSection
EndProject
Project("{FAE04EC0-301F-11D3-BF4B-00C04F79EFBC}") = "OData.Api", "OData.Api\OData.Api.csproj", "{51B95062-814E-4666-A6F2-D52DD878D5AF}"
EndProject
Global
	GlobalSection(SolutionConfigurationPlatforms) = preSolution
		Debug|Any CPU = Debug|Any CPU
		Release|Any CPU = Release|Any CPU
	EndGlobalSection
	GlobalSection(ProjectConfigurationPlatforms) = postSolution
		{34C7D50C-D3E1-411C-A323-190808662E4D}.Debug|Any CPU.ActiveCfg = Debug|Any CPU
		{34C7D50C-D3E1-411C-A323-190808662E4D}.Debug|Any CPU.Build.0 = Debug|Any CPU
		{34C7D50C-D3E1-411C-A323-190808662E4D}.Release|Any CPU.ActiveCfg = Release|Any CPU
		{34C7D50C-D3E1-411C-A323-190808662E4D}.Release|Any CPU.Build.0 = Release|Any CPU
		{CB2BC292-48D4-472E-97F3-0016F21CD990}.Debug|Any CPU.ActiveCfg = Debug|Any CPU
		{CB2BC292-48D4-472E-97F3-0016F21CD990}.Debug|Any CPU.Build.0 = Debug|Any CPU
		{CB2BC292-48D4-472E-97F3-0016F21CD990}.Release|Any CPU.ActiveCfg = Release|Any CPU
		{CB2BC292-48D4-472E-97F3-0016F21CD990}.Release|Any CPU.Build.0 = Release|Any CPU
		{14659C59-F747-4CA4-9800-7448C742DCE2}.Debug|Any CPU.ActiveCfg = Debug|Any CPU
		{14659C59-F747-4CA4-9800-7448C742DCE2}.Debug|Any CPU.Build.0 = Debug|Any CPU
		{14659C59-F747-4CA4-9800-7448C742DCE2}.Release|Any CPU.ActiveCfg = Release|Any CPU
		{14659C59-F747-4CA4-9800-7448C742DCE2}.Release|Any CPU.Build.0 = Release|Any CPU
		{EB719C53-FEB2-49E5-BA13-D0A3DEE22A28}.Debug|Any CPU.ActiveCfg = Debug|Any CPU
		{EB719C53-FEB2-49E5-BA13-D0A3DEE22A28}.Debug|Any CPU.Build.0 = Debug|Any CPU
		{EB719C53-FEB2-49E5-BA13-D0A3DEE22A28}.Release|Any CPU.ActiveCfg = Release|Any CPU
		{EB719C53-FEB2-49E5-BA13-D0A3DEE22A28}.Release|Any CPU.Build.0 = Release|Any CPU
		{C7CCBA0B-0D87-4084-9074-AA0AD4C03BFB}.Debug|Any CPU.ActiveCfg = Debug|Any CPU
		{C7CCBA0B-0D87-4084-9074-AA0AD4C03BFB}.Debug|Any CPU.Build.0 = Debug|Any CPU
		{C7CCBA0B-0D87-4084-9074-AA0AD4C03BFB}.Release|Any CPU.ActiveCfg = Release|Any CPU
		{C7CCBA0B-0D87-4084-9074-AA0AD4C03BFB}.Release|Any CPU.Build.0 = Release|Any CPU
		{03658D35-CA46-4100-8337-028FCC77D4A5}.Debug|Any CPU.ActiveCfg = Debug|Any CPU
		{03658D35-CA46-4100-8337-028FCC77D4A5}.Debug|Any CPU.Build.0 = Debug|Any CPU
		{03658D35-CA46-4100-8337-028FCC77D4A5}.Release|Any CPU.ActiveCfg = Release|Any CPU
		{03658D35-CA46-4100-8337-028FCC77D4A5}.Release|Any CPU.Build.0 = Release|Any CPU
		{8D094B54-497D-47BB-9079-ED671CE98319}.Debug|Any CPU.ActiveCfg = Debug|Any CPU
		{8D094B54-497D-47BB-9079-ED671CE98319}.Debug|Any CPU.Build.0 = Debug|Any CPU
		{8D094B54-497D-47BB-9079-ED671CE98319}.Release|Any CPU.ActiveCfg = Release|Any CPU
		{8D094B54-497D-47BB-9079-ED671CE98319}.Release|Any CPU.Build.0 = Release|Any CPU
		{6E0E2444-4C12-47A0-A867-B2080171EDD2}.Debug|Any CPU.ActiveCfg = Debug|Any CPU
		{6E0E2444-4C12-47A0-A867-B2080171EDD2}.Debug|Any CPU.Build.0 = Debug|Any CPU
		{6E0E2444-4C12-47A0-A867-B2080171EDD2}.Release|Any CPU.ActiveCfg = Release|Any CPU
		{6E0E2444-4C12-47A0-A867-B2080171EDD2}.Release|Any CPU.Build.0 = Release|Any CPU
		{DFFA6916-917A-45BC-8BFE-28541D85B3FE}.Debug|Any CPU.ActiveCfg = Debug|Any CPU
		{DFFA6916-917A-45BC-8BFE-28541D85B3FE}.Debug|Any CPU.Build.0 = Debug|Any CPU
		{DFFA6916-917A-45BC-8BFE-28541D85B3FE}.Release|Any CPU.ActiveCfg = Release|Any CPU
		{DFFA6916-917A-45BC-8BFE-28541D85B3FE}.Release|Any CPU.Build.0 = Release|Any CPU
		{8A5EBDAB-B7CE-4919-B9E0-67A1D22F870F}.Debug|Any CPU.ActiveCfg = Debug|Any CPU
		{8A5EBDAB-B7CE-4919-B9E0-67A1D22F870F}.Debug|Any CPU.Build.0 = Debug|Any CPU
		{8A5EBDAB-B7CE-4919-B9E0-67A1D22F870F}.Release|Any CPU.ActiveCfg = Release|Any CPU
		{8A5EBDAB-B7CE-4919-B9E0-67A1D22F870F}.Release|Any CPU.Build.0 = Release|Any CPU
		{51B95062-814E-4666-A6F2-D52DD878D5AF}.Debug|Any CPU.ActiveCfg = Debug|Any CPU
		{51B95062-814E-4666-A6F2-D52DD878D5AF}.Debug|Any CPU.Build.0 = Debug|Any CPU
		{51B95062-814E-4666-A6F2-D52DD878D5AF}.Release|Any CPU.ActiveCfg = Release|Any CPU
		{51B95062-814E-4666-A6F2-D52DD878D5AF}.Release|Any CPU.Build.0 = Release|Any CPU
	EndGlobalSection
	GlobalSection(NestedProjects) = preSolution
		{34C7D50C-D3E1-411C-A323-190808662E4D} = {3FB6369E-F61F-4217-947C-E667C6359CD8}
		{CB2BC292-48D4-472E-97F3-0016F21CD990} = {57544914-51C3-4567-9A99-3AFA215D3318}
		{14659C59-F747-4CA4-9800-7448C742DCE2} = {D1C94451-028E-429C-93BC-D507936F5F83}
		{EB719C53-FEB2-49E5-BA13-D0A3DEE22A28} = {D1C94451-028E-429C-93BC-D507936F5F83}
		{C7CCBA0B-0D87-4084-9074-AA0AD4C03BFB} = {D1C94451-028E-429C-93BC-D507936F5F83}
		{03658D35-CA46-4100-8337-028FCC77D4A5} = {8735432A-D082-4E3E-BD63-7A4C05B7F440}
		{8D094B54-497D-47BB-9079-ED671CE98319} = {8735432A-D082-4E3E-BD63-7A4C05B7F440}
		{6E0E2444-4C12-47A0-A867-B2080171EDD2} = {3FB6369E-F61F-4217-947C-E667C6359CD8}
		{DFFA6916-917A-45BC-8BFE-28541D85B3FE} = {3FB6369E-F61F-4217-947C-E667C6359CD8}
		{8A5EBDAB-B7CE-4919-B9E0-67A1D22F870F} = {3FB6369E-F61F-4217-947C-E667C6359CD8}
		{51B95062-814E-4666-A6F2-D52DD878D5AF} = {51726BBE-0C0E-424A-A5B8-AD80C0A866A8}
	EndGlobalSection
EndGlobal
